
Microsoft Visual Studio Solution File, Format Version 12.00
# Visual Studio Version 16
VisualStudioVersion = 16.0.29905.134
MinimumVisualStudioVersion = 10.0.40219.1
Project("{9A19103F-16F7-4668-BE54-9A1E7A4F7556}") = "DemoApp.API", "DemoApp.API\DemoApp.API.csproj", "{1D50E43E-4238-4C9B-B18B-752209B00F18}"
EndProject
Project("{9A19103F-16F7-4668-BE54-9A1E7A4F7556}") = "DemoApp.Data", "DemoApp.Data\DemoApp.Data.csproj", "{7FC03694-1394-4CDE-BDF1-15A1D00AE012}"
EndProject
Project("{9A19103F-16F7-4668-BE54-9A1E7A4F7556}") = "TSAPI.Public", "TSAPI.Public\TSAPI.Public.csproj", "{2CE4849D-C7A6-414B-80A2-4A368B60FCAE}"
EndProject
Project("{9A19103F-16F7-4668-BE54-9A1E7A4F7556}") = "TSAPI.ApiBrowser", "TSAPI.ApiBrowser\TSAPI.ApiBrowser.csproj", "{AD6F169D-A070-45BF-A8DA-417369B8197D}"
EndProject
Global
	GlobalSection(SolutionConfigurationPlatforms) = preSolution
		Debug|Any CPU = Debug|Any CPU
		Release|Any CPU = Release|Any CPU
	EndGlobalSection
	GlobalSection(ProjectConfigurationPlatforms) = postSolution
		{1D50E43E-4238-4C9B-B18B-752209B00F18}.Debug|Any CPU.ActiveCfg = Debug|Any CPU
		{1D50E43E-4238-4C9B-B18B-752209B00F18}.Debug|Any CPU.Build.0 = Debug|Any CPU
		{1D50E43E-4238-4C9B-B18B-752209B00F18}.Release|Any CPU.ActiveCfg = Release|Any CPU
		{1D50E43E-4238-4C9B-B18B-752209B00F18}.Release|Any CPU.Build.0 = Release|Any CPU
		{7FC03694-1394-4CDE-BDF1-15A1D00AE012}.Debug|Any CPU.ActiveCfg = Debug|Any CPU
		{7FC03694-1394-4CDE-BDF1-15A1D00AE012}.Debug|Any CPU.Build.0 = Debug|Any CPU
		{7FC03694-1394-4CDE-BDF1-15A1D00AE012}.Release|Any CPU.ActiveCfg = Release|Any CPU
		{7FC03694-1394-4CDE-BDF1-15A1D00AE012}.Release|Any CPU.Build.0 = Release|Any CPU
		{2CE4849D-C7A6-414B-80A2-4A368B60FCAE}.Debug|Any CPU.ActiveCfg = Debug|Any CPU
		{2CE4849D-C7A6-414B-80A2-4A368B60FCAE}.Debug|Any CPU.Build.0 = Debug|Any CPU
		{2CE4849D-C7A6-414B-80A2-4A368B60FCAE}.Release|Any CPU.ActiveCfg = Release|Any CPU
		{2CE4849D-C7A6-414B-80A2-4A368B60FCAE}.Release|Any CPU.Build.0 = Release|Any CPU
		{AD6F169D-A070-45BF-A8DA-417369B8197D}.Debug|Any CPU.ActiveCfg = Debug|Any CPU
		{AD6F169D-A070-45BF-A8DA-417369B8197D}.Debug|Any CPU.Build.0 = Debug|Any CPU
		{AD6F169D-A070-45BF-A8DA-417369B8197D}.Release|Any CPU.ActiveCfg = Release|Any CPU
		{AD6F169D-A070-45BF-A8DA-417369B8197D}.Release|Any CPU.Build.0 = Release|Any CPU
	EndGlobalSection
	GlobalSection(SolutionProperties) = preSolution
		HideSolutionNode = FALSE
	EndGlobalSection
	GlobalSection(ExtensibilityGlobals) = postSolution
		SolutionGuid = {B63B77DA-F92C-42BC-9B73-7FF0D84A48AF}
	EndGlobalSection
EndGlobal
